
Microsoft Visual Studio Solution File, Format Version 12.00
# Visual Studio Version 16
VisualStudioVersion = 16.0.30204.135
MinimumVisualStudioVersion = 10.0.40219.1
Project("{FAE04EC0-301F-11D3-BF4B-00C04F79EFBC}") = "pomelo", "pomelo\pomelo.csproj", "{C0EB1058-0B3D-40D4-9A65-7C72D514D99B}"
EndProject
Global
	GlobalSection(SolutionConfigurationPlatforms) = preSolution
		Debug|Any CPU = Debug|Any CPU
		Release|Any CPU = Release|Any CPU
	EndGlobalSection
	GlobalSection(ProjectConfigurationPlatforms) = postSolution
		{C0EB1058-0B3D-40D4-9A65-7C72D514D99B}.Debug|Any CPU.ActiveCfg = Debug|Any CPU
		{C0EB1058-0B3D-40D4-9A65-7C72D514D99B}.Debug|Any CPU.Build.0 = Debug|Any CPU
		{C0EB1058-0B3D-40D4-9A65-7C72D514D99B}.Release|Any CPU.ActiveCfg = Release|Any CPU
		{C0EB1058-0B3D-40D4-9A65-7C72D514D99B}.Release|Any CPU.Build.0 = Release|Any CPU
	EndGlobalSection
	GlobalSection(SolutionProperties) = preSolution
		HideSolutionNode = FALSE
	EndGlobalSection
	GlobalSection(ExtensibilityGlobals) = postSolution
		SolutionGuid = {8E3F9F80-03BD-422C-ABE6-4C56BC180720}
	EndGlobalSection
EndGlobal
